# Generated by pub
# See http://pub.dartlang.org/doc/glossary.html#lockfile

{"packages":{"args":{"version":"0.5.5","source":"hosted","description":"args"},"browser":{"version":"0.5.5","source":"hosted","description":"browser"},"html5plus":{"version":"0.4.3","source":"hosted","description":"html5plus"},"js":{"version":"0.0.22","source":"hosted","description":"js"},"meta":{"version":"0.5.5","source":"hosted","description":"meta"},"rikulo_commons":{"version":"0.7.4","source":"hosted","description":"rikulo_commons"},"rikulo_ui":{"version":"0.6.7+1","source":"hosted","description":"rikulo_ui"},"rikulo_uxl":{"version":"0.5.3+5","source":"hosted","description":"rikulo_uxl"},"source_maps":{"version":"0.5.5","source":"hosted","description":"source_maps"},"unittest":{"version":"0.5.5","source":"hosted","description":"unittest"}}}
